// !$*UTF8*$!
{
	archiveVersion = 1;
	classes = {
	};
	objectVersion = 56;
	objects = {

/* Begin PBXBuildFile section */
		FF1DB0AA30332EE7000D1526 /* HomeViewModel.swift in Sources */ = {isa = PBXBuildFile; fileRef = FF1DB0A930332EE7000D1526 /* HomeViewModel.swift */; };
		FF219424302EE4430013AD8B /* HomeResponse.swift in Sources */ = {isa = PBXBuildFile; fileRef = FF219423302EE4430013AD8B /* HomeResponse.swift */; };
		FF219426302EF4BA0013AD8B /* HomeService.swift in Sources */ = {isa = PBXBuildFile; fileRef = FF219425302EF4BA0013AD8B /* HomeService.swift */; };
		FF21942C302F1AF70013AD8B /* HomeSliderCell.swift in Sources */ = {isa = PBXBuildFile; fileRef = FF21942B302F1AF70013AD8B /* HomeSliderCell.swift */; };
		FF41066630356399005C1D28 /* HomeBannerTableViewCell.swift in Sources */ = {isa = PBXBuildFile; fileRef = FF41066530356399005C1D28 /* HomeBannerTableViewCell.swift */; };
		FF6668B830345DCE00B6790D /* HomeSectionTableViewCell.swift in Sources */ = {isa = PBXBuildFile; fileRef = FF6668B730345DCE00B6790D /* HomeSectionTableViewCell.swift */; };
		FF6668BA3034766A00B6790D /* HomeContentCollectionViewCell.swift in Sources */ = {isa = PBXBuildFile; fileRef = FF6668B93034766900B6790D /* HomeContentCollectionViewCell.swift */; };
		FFC085F03036BB670083E4CC /* ImageService.swift in Sources */ = {isa = PBXBuildFile; fileRef = FFC085EF3036BB670083E4CC /* ImageService.swift */; };
		FFEE7BD1302C7B5C00A55FA2 /* AppDelegate.swift in Sources */ = {isa = PBXBuildFile; fileRef = FFEE7BD0302C7B5C00A55FA2 /* AppDelegate.swift */; };
		FFEE7BD3302C7B5C00A55FA2 /* SceneDelegate.swift in Sources */ = {isa = PBXBuildFile; fileRef = FFEE7BD2302C7B5C00A55FA2 /* SceneDelegate.swift */; };
		FFEE7BD5302C7B5C00A55FA2 /* ViewController.swift in Sources */ = {isa = PBXBuildFile; fileRef = FFEE7BD4302C7B5C00A55FA2 /* ViewController.swift */; };
		FFEE7BD8302C7B5C00A55FA2 /* Main.storyboard in Resources */ = {isa = PBXBuildFile; fileRef = FFEE7BD6302C7B5C00A55FA2 /* Main.storyboard */; };
		FFEE7BDA302C7B5E00A55FA2 /* Assets.xcassets in Resources */ = {isa = PBXBuildFile; fileRef = FFEE7BD9302C7B5E00A55FA2 /* Assets.xcassets */; };
		FFEE7BDD302C7B5E00A55FA2 /* LaunchScreen.storyboard in Resources */ = {isa = PBXBuildFile; fileRef = FFEE7BDB302C7B5E00A55FA2 /* LaunchScreen.storyboard */; };
		FFEE7BE5302C7BCA00A55FA2 /* CatalogTabResponse.swift in Sources */ = {isa = PBXBuildFile; fileRef = FFEE7BE4302C7BCA00A55FA2 /* CatalogTabResponse.swift */; };
		FFEE7BE7302C7BFC00A55FA2 /* CatalogTabService.swift in Sources */ = {isa = PBXBuildFile; fileRef = FFEE7BE6302C7BFC00A55FA2 /* CatalogTabService.swift */; };
		FFEE7BE9302C7C2800A55FA2 /* CatalogTabCell.swift in Sources */ = {isa = PBXBuildFile; fileRef = FFEE7BE8302C7C2800A55FA2 /* CatalogTabCell.swift */; };
		FFEE7BEB302C7C5B00A55FA2 /* NavigationBarView.swift in Sources */ = {isa = PBXBuildFile; fileRef = FFEE7BEA302C7C5B00A55FA2 /* NavigationBarView.swift */; };
/* End PBXBuildFile section */

/* Begin PBXFileReference section */
		FF1DB0A930332EE7000D1526 /* HomeViewModel.swift */ = {isa = PBXFileReference; lastKnownFileType = sourcecode.swift; path = HomeViewModel.swift; sourceTree = "<group>"; };
		FF219423302EE4430013AD8B /* HomeResponse.swift */ = {isa = PBXFileReference; lastKnownFileType = sourcecode.swift; path = HomeResponse.swift; sourceTree = "<group>"; };
		FF219425302EF4BA0013AD8B /* HomeService.swift */ = {isa = PBXFileReference; lastKnownFileType = sourcecode.swift; path = HomeService.swift; sourceTree = "<group>"; };
		FF21942B302F1AF70013AD8B /* HomeSliderCell.swift */ = {isa = PBXFileReference; lastKnownFileType = sourcecode.swift; path = HomeSliderCell.swift; sourceTree = "<group>"; };
		FF41066530356399005C1D28 /* HomeBannerTableViewCell.swift */ = {isa = PBXFileReference; lastKnownFileType = sourcecode.swift; path = HomeBannerTableViewCell.swift; sourceTree = "<group>"; };
		FF6668B730345DCE00B6790D /* HomeSectionTableViewCell.swift */ = {isa = PBXFileReference; lastKnownFileType = sourcecode.swift; path = HomeSectionTableViewCell.swift; sourceTree = "<group>"; };
		FF6668B93034766900B6790D /* HomeContentCollectionViewCell.swift */ = {isa = PBXFileReference; lastKnownFileType = sourcecode.swift; path = HomeContentCollectionViewCell.swift; sourceTree = "<group>"; };
		FFC085EF3036BB670083E4CC /* ImageService.swift */ = {isa = PBXFileReference; lastKnownFileType = sourcecode.swift; path = ImageService.swift; sourceTree = "<group>"; };
		FFEE7BCD302C7B5C00A55FA2 /* HelloMeghalaya.app */ = {isa = PBXFileReference; explicitFileType = wrapper.application; includeInIndex = 0; path = HelloMeghalaya.app; sourceTree = BUILT_PRODUCTS_DIR; };
		FFEE7BD0302C7B5C00A55FA2 /* AppDelegate.swift */ = {isa = PBXFileReference; lastKnownFileType = sourcecode.swift; path = AppDelegate.swift; sourceTree = "<group>"; };
		FFEE7BD2302C7B5C00A55FA2 /* SceneDelegate.swift */ = {isa = PBXFileReference; lastKnownFileType = sourcecode.swift; path = SceneDelegate.swift; sourceTree = "<group>"; };
		FFEE7BD4302C7B5C00A55FA2 /* ViewController.swift */ = {isa = PBXFileReference; lastKnownFileType = sourcecode.swift; path = ViewController.swift; sourceTree = "<group>"; };
		FFEE7BD7302C7B5C00A55FA2 /* Base */ = {isa = PBXFileReference; lastKnownFileType = file.storyboard; name = Base; path = Base.lproj/Main.storyboard; sourceTree = "<group>"; };
		FFEE7BD9302C7B5E00A55FA2 /* Assets.xcassets */ = {isa = PBXFileReference; lastKnownFileType = folder.assetcatalog; path = Assets.xcassets; sourceTree = "<group>"; };
		FFEE7BDC302C7B5E00A55FA2 /* Base */ = {isa = PBXFileReference; lastKnownFileType = file.storyboard; name = Base; path = Base.lproj/LaunchScreen.storyboard; sourceTree = "<group>"; };
		FFEE7BDE302C7B5E00A55FA2 /* Info.plist */ = {isa = PBXFileReference; lastKnownFileType = text.plist.xml; path = Info.plist; sourceTree = "<group>"; };
		FFEE7BE4302C7BCA00A55FA2 /* CatalogTabResponse.swift */ = {isa = PBXFileReference; lastKnownFileType = sourcecode.swift; path = CatalogTabResponse.swift; sourceTree = "<group>"; };
		FFEE7BE6302C7BFC00A55FA2 /* CatalogTabService.swift */ = {isa = PBXFileReference; lastKnownFileType = sourcecode.swift; path = CatalogTabService.swift; sourceTree = "<group>"; };
		FFEE7BE8302C7C2800A55FA2 /* CatalogTabCell.swift */ = {isa = PBXFileReference; lastKnownFileType = sourcecode.swift; path = CatalogTabCell.swift; sourceTree = "<group>"; };
		FFEE7BEA302C7C5B00A55FA2 /* NavigationBarView.swift */ = {isa = PBXFileReference; lastKnownFileType = sourcecode.swift; path = NavigationBarView.swift; sourceTree = "<group>"; };
/* End PBXFileReference section */

/* Begin PBXFrameworksBuildPhase section */
		FFEE7BCA302C7B5C00A55FA2 /* Frameworks */ = {
			isa = PBXFrameworksBuildPhase;
			buildActionMask = 2147483647;
			files = (
			);
			runOnlyForDeploymentPostprocessing = 0;
		};
/* End PBXFrameworksBuildPhase section */

/* Begin PBXGroup section */
		FF1DB0AB30333500000D1526 /* View */ = {
			isa = PBXGroup;
			children = (
				FFEE7BD4302C7B5C00A55FA2 /* ViewController.swift */,
				FFEE7BEA302C7C5B00A55FA2 /* NavigationBarView.swift */,
			);
			path = View;
			sourceTree = "<group>";
		};
		FF1DB0AC3033352D000D1526 /* ViewModel */ = {
			isa = PBXGroup;
			children = (
				FF1DB0A930332EE7000D1526 /* HomeViewModel.swift */,
			);
			path = ViewModel;
			sourceTree = "<group>";
		};
		FFBCA8193037056100E9C206 /* TableView */ = {
			isa = PBXGroup;
			children = (
				FF41066530356399005C1D28 /* HomeBannerTableViewCell.swift */,
				FF6668B730345DCE00B6790D /* HomeSectionTableViewCell.swift */,
			);
			path = TableView;
			sourceTree = "<group>";
		};
		FFBCA81A3037058000E9C206 /* CollectionView */ = {
			isa = PBXGroup;
			children = (
				FFEE7BE8302C7C2800A55FA2 /* CatalogTabCell.swift */,
				FF21942B302F1AF70013AD8B /* HomeSliderCell.swift */,
				FF6668B93034766900B6790D /* HomeContentCollectionViewCell.swift */,
			);
			path = CollectionView;
			sourceTree = "<group>";
		};
		FFEE7BC4302C7B5C00A55FA2 = {
			isa = PBXGroup;
			children = (
				FFEE7BCF302C7B5C00A55FA2 /* HelloMeghalaya */,
				FFEE7BCE302C7B5C00A55FA2 /* Products */,
			);
			sourceTree = "<group>";
		};
		FFEE7BCE302C7B5C00A55FA2 /* Products */ = {
			isa = PBXGroup;
			children = (
				FFEE7BCD302C7B5C00A55FA2 /* HelloMeghalaya.app */,
			);
			name = Products;
			sourceTree = "<group>";
		};
		FFEE7BCF302C7B5C00A55FA2 /* HelloMeghalaya */ = {
			isa = PBXGroup;
			children = (
				FFEE7BED302C7CDE00A55FA2 /* Apps */,
				FFEE7BEE302C7CFE00A55FA2 /* Home */,
				FFEE7BEF302C7D1E00A55FA2 /* Network */,
				FFEE7BD6302C7B5C00A55FA2 /* Main.storyboard */,
				FFEE7BD9302C7B5E00A55FA2 /* Assets.xcassets */,
				FFEE7BDB302C7B5E00A55FA2 /* LaunchScreen.storyboard */,
				FFEE7BDE302C7B5E00A55FA2 /* Info.plist */,
			);
			path = HelloMeghalaya;
			sourceTree = "<group>";
		};
		FFEE7BEC302C7CC500A55FA2 /* Models */ = {
			isa = PBXGroup;
			children = (
				FFEE7BE4302C7BCA00A55FA2 /* CatalogTabResponse.swift */,
				FF219423302EE4430013AD8B /* HomeResponse.swift */,
			);
			path = Models;
			sourceTree = "<group>";
		};
		FFEE7BED302C7CDE00A55FA2 /* Apps */ = {
			isa = PBXGroup;
			children = (
				FFEE7BD0302C7B5C00A55FA2 /* AppDelegate.swift */,
				FFEE7BD2302C7B5C00A55FA2 /* SceneDelegate.swift */,
			);
			path = Apps;
			sourceTree = "<group>";
		};
		FFEE7BEE302C7CFE00A55FA2 /* Home */ = {
			isa = PBXGroup;
			children = (
				FF1DB0AB30333500000D1526 /* View */,
				FFBCA8193037056100E9C206 /* TableView */,
				FFBCA81A3037058000E9C206 /* CollectionView */,
				FF1DB0AC3033352D000D1526 /* ViewModel */,
				FFEE7BEC302C7CC500A55FA2 /* Models */,
			);
			path = Home;
			sourceTree = "<group>";
		};
		FFEE7BEF302C7D1E00A55FA2 /* Network */ = {
			isa = PBXGroup;
			children = (
				FFEE7BE6302C7BFC00A55FA2 /* CatalogTabService.swift */,
				FF219425302EF4BA0013AD8B /* HomeService.swift */,
				FFC085EF3036BB670083E4CC /* ImageService.swift */,
			);
			path = Network;
			sourceTree = "<group>";
		};
/* End PBXGroup section */

/* Begin PBXNativeTarget section */
		FFEE7BCC302C7B5C00A55FA2 /* HelloMeghalaya */ = {
			isa = PBXNativeTarget;
			buildConfigurationList = FFEE7BE1302C7B5E00A55FA2 /* Build configuration list for PBXNativeTarget "HelloMeghalaya" */;
			buildPhases = (
				FFEE7BC9302C7B5C00A55FA2 /* Sources */,
				FFEE7BCA302C7B5C00A55FA2 /* Frameworks */,
				FFEE7BCB302C7B5C00A55FA2 /* Resources */,
			);
			buildRules = (
			);
			dependencies = (
			);
			name = HelloMeghalaya;
			productName = HelloMeghalaya;
			productReference = FFEE7BCD302C7B5C00A55FA2 /* HelloMeghalaya.app */;
			productType = "com.apple.product-type.application";
		};
/* End PBXNativeTarget section */

/* Begin PBXProject section */
		FFEE7BC5302C7B5C00A55FA2 /* Project object */ = {
			isa = PBXProject;
			attributes = {
				BuildIndependentTargetsInParallel = 1;
				LastSwiftUpdateCheck = 1420;
				LastUpgradeCheck = 1420;
				TargetAttributes = {
					FFEE7BCC302C7B5C00A55FA2 = {
						CreatedOnToolsVersion = 14.2;
					};
				};
			};
			buildConfigurationList = FFEE7BC8302C7B5C00A55FA2 /* Build configuration list for PBXProject "HelloMeghalaya" */;
			compatibilityVersion = "Xcode 14.0";
			developmentRegion = en;
			hasScannedForEncodings = 0;
			knownRegions = (
				en,
				Base,
			);
			mainGroup = FFEE7BC4302C7B5C00A55FA2;
			productRefGroup = FFEE7BCE302C7B5C00A55FA2 /* Products */;
			projectDirPath = "";
			projectRoot = "";
			targets = (
				FFEE7BCC302C7B5C00A55FA2 /* HelloMeghalaya */,
			);
		};
/* End PBXProject section */

/* Begin PBXResourcesBuildPhase section */
		FFEE7BCB302C7B5C00A55FA2 /* Resources */ = {
			isa = PBXResourcesBuildPhase;
			buildActionMask = 2147483647;
			files = (
				FFEE7BDD302C7B5E00A55FA2 /* LaunchScreen.storyboard in Resources */,
				FFEE7BDA302C7B5E00A55FA2 /* Assets.xcassets in Resources */,
				FFEE7BD8302C7B5C00A55FA2 /* Main.storyboard in Resources */,
			);
			runOnlyForDeploymentPostprocessing = 0;
		};
/* End PBXResourcesBuildPhase section */

/* Begin PBXSourcesBuildPhase section */
		FFEE7BC9302C7B5C00A55FA2 /* Sources */ = {
			isa = PBXSourcesBuildPhase;
			buildActionMask = 2147483647;
			files = (
				FF41066630356399005C1D28 /* HomeBannerTableViewCell.swift in Sources */,
				FFEE7BE5302C7BCA00A55FA2 /* CatalogTabResponse.swift in Sources */,
				FFEE7BD5302C7B5C00A55FA2 /* ViewController.swift in Sources */,
				FF6668BA3034766A00B6790D /* HomeContentCollectionViewCell.swift in Sources */,
				FFEE7BD1302C7B5C00A55FA2 /* AppDelegate.swift in Sources */,
				FFEE7BE9302C7C2800A55FA2 /* CatalogTabCell.swift in Sources */,
				FFEE7BD3302C7B5C00A55FA2 /* SceneDelegate.swift in Sources */,
				FF21942C302F1AF70013AD8B /* HomeSliderCell.swift in Sources */,
				FFC085F03036BB670083E4CC /* ImageService.swift in Sources */,
				FF1DB0AA30332EE7000D1526 /* HomeViewModel.swift in Sources */,
				FF219424302EE4430013AD8B /* HomeResponse.swift in Sources */,
				FF219426302EF4BA0013AD8B /* HomeService.swift in Sources */,
				FF6668B830345DCE00B6790D /* HomeSectionTableViewCell.swift in Sources */,
				FFEE7BEB302C7C5B00A55FA2 /* NavigationBarView.swift in Sources */,
				FFEE7BE7302C7BFC00A55FA2 /* CatalogTabService.swift in Sources */,
			);
			runOnlyForDeploymentPostprocessing = 0;
		};
/* End PBXSourcesBuildPhase section */

/* Begin PBXVariantGroup section */
		FFEE7BD6302C7B5C00A55FA2 /* Main.storyboard */ = {
			isa = PBXVariantGroup;
			children = (
				FFEE7BD7302C7B5C00A55FA2 /* Base */,
			);
			name = Main.storyboard;
			sourceTree = "<group>";
		};
		FFEE7BDB302C7B5E00A55FA2 /* LaunchScreen.storyboard */ = {
			isa = PBXVariantGroup;
			children = (
				FFEE7BDC302C7B5E00A55FA2 /* Base */,
			);
			name = LaunchScreen.storyboard;
			sourceTree = "<group>";
		};
/* End PBXVariantGroup section */

/* Begin XCBuildConfiguration section */
		FFEE7BDF302C7B5E00A55FA2 /* Debug */ = {
			isa = XCBuildConfiguration;
			buildSettings = {
				ALWAYS_SEARCH_USER_PATHS = NO;
				CLANG_ANALYZER_NONNULL = YES;
				CLANG_ANALYZER_NUMBER_OBJECT_CONVERSION = YES_AGGRESSIVE;
				CLANG_CXX_LANGUAGE_STANDARD = "gnu++20";
				CLANG_ENABLE_MODULES = YES;
				CLANG_ENABLE_OBJC_ARC = YES;
				CLANG_ENABLE_OBJC_WEAK = YES;
				CLANG_WARN_BLOCK_CAPTURE_AUTORELEASING = YES;
				CLANG_WARN_BOOL_CONVERSION = YES;
				CLANG_WARN_COMMA = YES;
				CLANG_WARN_CONSTANT_CONVERSION = YES;
				CLANG_WARN_DEPRECATED_OBJC_IMPLEMENTATIONS = YES;
				CLANG_WARN_DIRECT_OBJC_ISA_USAGE = YES_ERROR;
				CLANG_WARN_DOCUMENTATION_COMMENTS = YES;
				CLANG_WARN_EMPTY_BODY = YES;
				CLANG_WARN_ENUM_CONVERSION = YES;
				CLANG_WARN_INFINITE_RECURSION = YES;
				CLANG_WARN_INT_CONVERSION = YES;
				CLANG_WARN_NON_LITERAL_NULL_CONVERSION = YES;
				CLANG_WARN_OBJC_IMPLICIT_RETAIN_SELF = YES;
				CLANG_WARN_OBJC_LITERAL_CONVERSION = YES;
				CLANG_WARN_OBJC_ROOT_CLASS = YES_ERROR;
				CLANG_WARN_QUOTED_INCLUDE_IN_FRAMEWORK_HEADER = YES;
				CLANG_WARN_RANGE_LOOP_ANALYSIS = YES;
				CLANG_WARN_STRICT_PROTOTYPES = YES;
				CLANG_WARN_SUSPICIOUS_MOVE = YES;
				CLANG_WARN_UNGUARDED_AVAILABILITY = YES_AGGRESSIVE;
				CLANG_WARN_UNREACHABLE_CODE = YES;
				CLANG_WARN__DUPLICATE_METHOD_MATCH = YES;
				COPY_PHASE_STRIP = NO;
				DEBUG_INFORMATION_FORMAT = dwarf;
				ENABLE_STRICT_OBJC_MSGSEND = YES;
				ENABLE_TESTABILITY = YES;
				GCC_C_LANGUAGE_STANDARD = gnu11;
				GCC_DYNAMIC_NO_PIC = NO;
				GCC_NO_COMMON_BLOCKS = YES;
				GCC_OPTIMIZATION_LEVEL = 0;
				GCC_PREPROCESSOR_DEFINITIONS = (
					"DEBUG=1",
					"$(inherited)",
				);
				GCC_WARN_64_TO_32_BIT_CONVERSION = YES;
				GCC_WARN_ABOUT_RETURN_TYPE = YES_ERROR;
				GCC_WARN_UNDECLARED_SELECTOR = YES;
				GCC_WARN_UNINITIALIZED_AUTOS = YES_AGGRESSIVE;
				GCC_WARN_UNUSED_FUNCTION = YES;
				GCC_WARN_UNUSED_VARIABLE = YES;
				IPHONEOS_DEPLOYMENT_TARGET = 16.2;
				MTL_ENABLE_DEBUG_INFO = INCLUDE_SOURCE;
				MTL_FAST_MATH = YES;
				ONLY_ACTIVE_ARCH = YES;
				SDKROOT = iphoneos;
				SWIFT_ACTIVE_COMPILATION_CONDITIONS = DEBUG;
				SWIFT_OPTIMIZATION_LEVEL = "-Onone";
			};
			name = Debug;
		};
		FFEE7BE0302C7B5E00A55FA2 /* Release */ = {
			isa = XCBuildConfiguration;
			buildSettings = {
				ALWAYS_SEARCH_USER_PATHS = NO;
				CLANG_ANALYZER_NONNULL = YES;
				CLANG_ANALYZER_NUMBER_OBJECT_CONVERSION = YES_AGGRESSIVE;
				CLANG_CXX_LANGUAGE_STANDARD = "gnu++20";
				CLANG_ENABLE_MODULES = YES;
				CLANG_ENABLE_OBJC_ARC = YES;
				CLANG_ENABLE_OBJC_WEAK = YES;
				CLANG_WARN_BLOCK_CAPTURE_AUTORELEASING = YES;
				CLANG_WARN_BOOL_CONVERSION = YES;
				CLANG_WARN_COMMA = YES;
				CLANG_WARN_CONSTANT_CONVERSION = YES;
				CLANG_WARN_DEPRECATED_OBJC_IMPLEMENTATIONS = YES;
				CLANG_WARN_DIRECT_OBJC_ISA_USAGE = YES_ERROR;
				CLANG_WARN_DOCUMENTATION_COMMENTS = YES;
				CLANG_WARN_EMPTY_BODY = YES;
				CLANG_WARN_ENUM_CONVERSION = YES;
				CLANG_WARN_INFINITE_RECURSION = YES;
				CLANG_WARN_INT_CONVERSION = YES;
				CLANG_WARN_NON_LITERAL_NULL_CONVERSION = YES;
				CLANG_WARN_OBJC_IMPLICIT_RETAIN_SELF = YES;
				CLANG_WARN_OBJC_LITERAL_CONVERSION = YES;
				CLANG_WARN_OBJC_ROOT_CLASS = YES_ERROR;
				CLANG_WARN_QUOTED_INCLUDE_IN_FRAMEWORK_HEADER = YES;
				CLANG_WARN_RANGE_LOOP_ANALYSIS = YES;
				CLANG_WARN_STRICT_PROTOTYPES = YES;
				CLANG_WARN_SUSPICIOUS_MOVE = YES;
				CLANG_WARN_UNGUARDED_AVAILABILITY = YES_AGGRESSIVE;
				CLANG_WARN_UNREACHABLE_CODE = YES;
				CLANG_WARN__DUPLICATE_METHOD_MATCH = YES;
				COPY_PHASE_STRIP = NO;
				DEBUG_INFORMATION_FORMAT = "dwarf-with-dsym";
				ENABLE_NS_ASSERTIONS = NO;
				ENABLE_STRICT_OBJC_MSGSEND = YES;
				GCC_C_LANGUAGE_STANDARD = gnu11;
				GCC_NO_COMMON_BLOCKS = YES;
				GCC_WARN_64_TO_32_BIT_CONVERSION = YES;
				GCC_WARN_ABOUT_RETURN_TYPE = YES_ERROR;
				GCC_WARN_UNDECLARED_SELECTOR = YES;
				GCC_WARN_UNINITIALIZED_AUTOS = YES_AGGRESSIVE;
				GCC_WARN_UNUSED_FUNCTION = YES;
				GCC_WARN_UNUSED_VARIABLE = YES;
				IPHONEOS_DEPLOYMENT_TARGET = 16.2;
				MTL_ENABLE_DEBUG_INFO = NO;
				MTL_FAST_MATH = YES;
				SDKROOT = iphoneos;
				SWIFT_COMPILATION_MODE = wholemodule;
				SWIFT_OPTIMIZATION_LEVEL = "-O";
				VALIDATE_PRODUCT = YES;
			};
			name = Release;
		};
		FFEE7BE2302C7B5E00A55FA2 /* Debug */ = {
			isa = XCBuildConfiguration;
			buildSettings = {
				ASSETCATALOG_COMPILER_APPICON_NAME = AppIcon;
				ASSETCATALOG_COMPILER_GLOBAL_ACCENT_COLOR_NAME = AccentColor;
				CODE_SIGN_STYLE = Automatic;
				CURRENT_PROJECT_VERSION = 1;
				GENERATE_INFOPLIST_FILE = YES;
				INFOPLIST_FILE = HelloMeghalaya/Info.plist;
				INFOPLIST_KEY_UIApplicationSupportsIndirectInputEvents = YES;
				INFOPLIST_KEY_UILaunchStoryboardName = LaunchScreen;
				INFOPLIST_KEY_UIMainStoryboardFile = Main;
				INFOPLIST_KEY_UISupportedInterfaceOrientations_iPad = "UIInterfaceOrientationPortrait UIInterfaceOrientationPortraitUpsideDown UIInterfaceOrientationLandscapeLeft UIInterfaceOrientationLandscapeRight";
				INFOPLIST_KEY_UISupportedInterfaceOrientations_iPhone = "UIInterfaceOrientationPortrait UIInterfaceOrientationLandscapeLeft UIInterfaceOrientationLandscapeRight";
				LD_RUNPATH_SEARCH_PATHS = (
					"$(inherited)",
					"@executable_path/Frameworks",
				);
				MARKETING_VERSION = 1.0;
				PRODUCT_BUNDLE_IDENTIFIER = com.saranyu.HelloMeghalaya;
				PRODUCT_NAME = "$(TARGET_NAME)";
				SWIFT_EMIT_LOC_STRINGS = YES;
				SWIFT_VERSION = 5.0;
				TARGETED_DEVICE_FAMILY = "1,2";
				i = "";
			};
			name = Debug;
		};
		FFEE7BE3302C7B5E00A55FA2 /* Release */ = {
			isa = XCBuildConfiguration;
			buildSettings = {
				ASSETCATALOG_COMPILER_APPICON_NAME = AppIcon;
				ASSETCATALOG_COMPILER_GLOBAL_ACCENT_COLOR_NAME = AccentColor;
				CODE_SIGN_STYLE = Automatic;
				CURRENT_PROJECT_VERSION = 1;
				GENERATE_INFOPLIST_FILE = YES;
				INFOPLIST_FILE = HelloMeghalaya/Info.plist;
				INFOPLIST_KEY_UIApplicationSupportsIndirectInputEvents = YES;
				INFOPLIST_KEY_UILaunchStoryboardName = LaunchScreen;
				INFOPLIST_KEY_UIMainStoryboardFile = Main;
				INFOPLIST_KEY_UISupportedInterfaceOrientations_iPad = "UIInterfaceOrientationPortrait UIInterfaceOrientationPortraitUpsideDown UIInterfaceOrientationLandscapeLeft UIInterfaceOrientationLandscapeRight";
				INFOPLIST_KEY_UISupportedInterfaceOrientations_iPhone = "UIInterfaceOrientationPortrait UIInterfaceOrientationLandscapeLeft UIInterfaceOrientationLandscapeRight";
				LD_RUNPATH_SEARCH_PATHS = (
					"$(inherited)",
					"@executable_path/Frameworks",
				);
				MARKETING_VERSION = 1.0;
				PRODUCT_BUNDLE_IDENTIFIER = com.saranyu.HelloMeghalaya;
				PRODUCT_NAME = "$(TARGET_NAME)";
				SWIFT_EMIT_LOC_STRINGS = YES;
				SWIFT_VERSION = 5.0;
				TARGETED_DEVICE_FAMILY = "1,2";
				i = "";
			};
			name = Release;
		};
/* End XCBuildConfiguration section */

/* Begin XCConfigurationList section */
		FFEE7BC8302C7B5C00A55FA2 /* Build configuration list for PBXProject "HelloMeghalaya" */ = {
			isa = XCConfigurationList;
			buildConfigurations = (
				FFEE7BDF302C7B5E00A55FA2 /* Debug */,
				FFEE7BE0302C7B5E00A55FA2 /* Release */,
			);
			defaultConfigurationIsVisible = 0;
			defaultConfigurationName = Release;
		};
		FFEE7BE1302C7B5E00A55FA2 /* Build configuration list for PBXNativeTarget "HelloMeghalaya" */ = {
			isa = XCConfigurationList;
			buildConfigurations = (
				FFEE7BE2302C7B5E00A55FA2 /* Debug */,
				FFEE7BE3302C7B5E00A55FA2 /* Release */,
			);
			defaultConfigurationIsVisible = 0;
			defaultConfigurationName = Release;
		};
/* End XCConfigurationList section */
	};
	rootObject = FFEE7BC5302C7B5C00A55FA2 /* Project object */;
}
